
Microsoft Visual Studio Solution File, Format Version 12.00
# Visual Studio Version 17
VisualStudioVersion = 17.3.32611.2
MinimumVisualStudioVersion = 10.0.40219.1
Project("{FAE04EC0-301F-11D3-BF4B-00C04F79EFBC}") = "MagicVilla_CouponAPI", "MagicVilla_CouponAPI\MagicVilla_CouponAPI.csproj", "{0EC51E6E-DE63-4C50-BB5A-591D1BB5F2CF}"
EndProject
Global
	GlobalSection(SolutionConfigurationPlatforms) = preSolution
		Debug|Any CPU = Debug|Any CPU
		Release|Any CPU = Release|Any CPU
	EndGlobalSection
	GlobalSection(ProjectConfigurationPlatforms) = postSolution
		{0EC51E6E-DE63-4C50-BB5A-591D1BB5F2CF}.Debug|Any CPU.ActiveCfg = Debug|Any CPU
		{0EC51E6E-DE63-4C50-BB5A-591D1BB5F2CF}.Debug|Any CPU.Build.0 = Debug|Any CPU
		{0EC51E6E-DE63-4C50-BB5A-591D1BB5F2CF}.Release|Any CPU.ActiveCfg = Release|Any CPU
		{0EC51E6E-DE63-4C50-BB5A-591D1BB5F2CF}.Release|Any CPU.Build.0 = Release|Any CPU
	EndGlobalSection
	GlobalSection(SolutionProperties) = preSolution
		HideSolutionNode = FALSE
	EndGlobalSection
	GlobalSection(ExtensibilityGlobals) = postSolution
		SolutionGuid = {45D1FB65-6911-4B7F-8A2D-4FCCFB0A7FB9}
	EndGlobalSection
EndGlobal
